
Microsoft Visual Studio Solution File, Format Version 12.00
# Visual Studio 14
VisualStudioVersion = 14.0.25420.1
MinimumVisualStudioVersion = 10.0.40219.1
Project("{FAE04EC0-301F-11D3-BF4B-00C04F79EFBC}") = "Forsoft2_tentativa6", "Forsoft2_tentativa6\Forsoft2_tentativa6.csproj", "{AE5C6A6C-E470-4929-B362-207D26D8746B}"
EndProject
Project("{FAE04EC0-301F-11D3-BF4B-00C04F79EFBC}") = "MVC.Domain", "MVC.Domain\MVC.Domain.csproj", "{5977ED1A-1CDE-4254-A728-80E1F2767E6D}"
EndProject
Project("{FAE04EC0-301F-11D3-BF4B-00C04F79EFBC}") = "ConsoleApplication1", "ConsoleApplication1\ConsoleApplication1.csproj", "{2DCF2E5E-5BFB-4103-80C9-5237E2ADAE10}"
EndProject
Global
	GlobalSection(SolutionConfigurationPlatforms) = preSolution
		Debug|Any CPU = Debug|Any CPU
		Release|Any CPU = Release|Any CPU
	EndGlobalSection
	GlobalSection(ProjectConfigurationPlatforms) = postSolution
		{AE5C6A6C-E470-4929-B362-207D26D8746B}.Debug|Any CPU.ActiveCfg = Debug|Any CPU
		{AE5C6A6C-E470-4929-B362-207D26D8746B}.Debug|Any CPU.Build.0 = Debug|Any CPU
		{AE5C6A6C-E470-4929-B362-207D26D8746B}.Release|Any CPU.ActiveCfg = Release|Any CPU
		{AE5C6A6C-E470-4929-B362-207D26D8746B}.Release|Any CPU.Build.0 = Release|Any CPU
		{5977ED1A-1CDE-4254-A728-80E1F2767E6D}.Debug|Any CPU.ActiveCfg = Debug|Any CPU
		{5977ED1A-1CDE-4254-A728-80E1F2767E6D}.Debug|Any CPU.Build.0 = Debug|Any CPU
		{5977ED1A-1CDE-4254-A728-80E1F2767E6D}.Release|Any CPU.ActiveCfg = Release|Any CPU
		{5977ED1A-1CDE-4254-A728-80E1F2767E6D}.Release|Any CPU.Build.0 = Release|Any CPU
		{2DCF2E5E-5BFB-4103-80C9-5237E2ADAE10}.Debug|Any CPU.ActiveCfg = Debug|Any CPU
		{2DCF2E5E-5BFB-4103-80C9-5237E2ADAE10}.Debug|Any CPU.Build.0 = Debug|Any CPU
		{2DCF2E5E-5BFB-4103-80C9-5237E2ADAE10}.Release|Any CPU.ActiveCfg = Release|Any CPU
		{2DCF2E5E-5BFB-4103-80C9-5237E2ADAE10}.Release|Any CPU.Build.0 = Release|Any CPU
	EndGlobalSection
	GlobalSection(SolutionProperties) = preSolution
		HideSolutionNode = FALSE
	EndGlobalSection
EndGlobal
